
Microsoft Visual Studio Solution File, Format Version 11.00
# Visual Studio 2010
Project("{8BC9CEB8-8B4A-11D0-8D11-00A0C91BC942}") = "space_sim", "space_sim\space_sim.vcxproj", "{8781EB2E-5B81-420F-8BD9-1BF1DE87804F}"
EndProject
Global
	GlobalSection(SolutionConfigurationPlatforms) = preSolution
		Debug|Win32 = Debug|Win32
		Release|Win32 = Release|Win32
	EndGlobalSection
	GlobalSection(ProjectConfigurationPlatforms) = postSolution
		{8781EB2E-5B81-420F-8BD9-1BF1DE87804F}.Debug|Win32.ActiveCfg = Debug|Win32
		{8781EB2E-5B81-420F-8BD9-1BF1DE87804F}.Debug|Win32.Build.0 = Debug|Win32
		{8781EB2E-5B81-420F-8BD9-1BF1DE87804F}.Release|Win32.ActiveCfg = Release|Win32
		{8781EB2E-5B81-420F-8BD9-1BF1DE87804F}.Release|Win32.Build.0 = Release|Win32
	EndGlobalSection
	GlobalSection(SolutionProperties) = preSolution
		HideSolutionNode = FALSE
	EndGlobalSection
EndGlobal
