<?xml version="1.0" encoding="utf-8"?>
<Project ToolsVersion="4.0" xmlns="http://schemas.microsoft.com/developer/msbuild/2003">
  <ItemGroup>
    <Filter Include="Source Files">
      <UniqueIdentifier>{4FC737F1-C7A5-4376-A066-2A32D752A2FF}</UniqueIdentifier>
      <Extensions>cpp;c;cc;cxx;def;odl;idl;hpj;bat;asm;asmx</Extensions>
    </Filter>
    <Filter Include="Header Files">
      <UniqueIdentifier>{93995380-89BD-4b04-88EB-625FBE52EBFB}</UniqueIdentifier>
      <Extensions>h;hpp;hxx;hm;inl;inc;xsd</Extensions>
    </Filter>
    <Filter Include="Resource Files">
      <UniqueIdentifier>{67DA6AB6-F800-4c08-8B7A-83BB121AAD01}</UniqueIdentifier>
      <Extensions>rc;ico;cur;bmp;dlg;rc2;rct;bin;rgs;gif;jpg;jpeg;jpe;resx;tiff;tif;png;wav;mfcribbon-ms</Extensions>
    </Filter>
    <Filter Include="Header Files\Scenes">
      <UniqueIdentifier>{200f184d-75ce-478d-a437-86895f20477b}</UniqueIdentifier>
    </Filter>
    <Filter Include="Source Files\Scenes">
      <UniqueIdentifier>{31d5f3da-3c20-49d4-ac50-8e9e8a2efaeb}</UniqueIdentifier>
    </Filter>
    <Filter Include="Header Files\Utils">
      <UniqueIdentifier>{77c0a6ed-1afc-4a2b-9ed3-929cbd730ec9}</UniqueIdentifier>
    </Filter>
    <Filter Include="Source Files\Utils">
      <UniqueIdentifier>{b82345b6-ed29-4a67-8425-7630739aff36}</UniqueIdentifier>
    </Filter>
    <Filter Include="Header Files\Galaxy">
      <UniqueIdentifier>{0c8e7f4d-17cb-4ca6-b740-72def3fee05c}</UniqueIdentifier>
    </Filter>
    <Filter Include="Source Files\Galaxy">
      <UniqueIdentifier>{91f0ec2d-a172-4812-a40f-b9a1352cb5a4}</UniqueIdentifier>
    </Filter>
    <Filter Include="Header Files\Defines">
      <UniqueIdentifier>{ac0192c8-1898-46b8-acd7-09e611c5280d}</UniqueIdentifier>
    </Filter>
    <Filter Include="Source Files\Defines">
      <UniqueIdentifier>{ca5607c4-0003-4731-aef0-9078f8e9ef98}</UniqueIdentifier>
    </Filter>
  </ItemGroup>
  <ItemGroup>
    <ClCompile Include="AppManager.cpp">
      <Filter>Source Files</Filter>
    </ClCompile>
    <ClCompile Include="SimManager.cpp">
      <Filter>Source Files</Filter>
    </ClCompile>
    <ClCompile Include="Scene.cpp">
      <Filter>Source Files\Scenes</Filter>
    </ClCompile>
    <ClCompile Include="guicon.cpp">
      <Filter>Source Files\Utils</Filter>
    </ClCompile>
    <ClCompile Include="SFGManager.cpp">
      <Filter>Source Files</Filter>
    </ClCompile>
    <ClCompile Include="Main.cpp">
      <Filter>Source Files</Filter>
    </ClCompile>
    <ClCompile Include="SceneManager.cpp">
      <Filter>Source Files</Filter>
    </ClCompile>
    <ClCompile Include="Planet.cpp">
      <Filter>Source Files\Galaxy</Filter>
    </ClCompile>
    <ClCompile Include="StarSystem.cpp">
      <Filter>Source Files\Galaxy</Filter>
    </ClCompile>
    <ClCompile Include="HabitableObject.cpp">
      <Filter>Source Files\Galaxy</Filter>
    </ClCompile>
    <ClCompile Include="OrionSpur.cpp">
      <Filter>Source Files\Galaxy</Filter>
    </ClCompile>
    <ClCompile Include="StellarGroup.cpp">
      <Filter>Source Files\Galaxy</Filter>
    </ClCompile>
    <ClCompile Include="Defines_math.cpp">
      <Filter>Source Files\Defines</Filter>
    </ClCompile>
    <ClCompile Include="AsteroidBelt.cpp">
      <Filter>Source Files\Galaxy</Filter>
    </ClCompile>
    <ClCompile Include="GameManager.cpp">
      <Filter>Source Files</Filter>
    </ClCompile>
    <ClCompile Include="Scene_Game.cpp">
      <Filter>Source Files\Scenes</Filter>
    </ClCompile>
    <ClCompile Include="Scene_MainMenu.cpp">
      <Filter>Source Files\Scenes</Filter>
    </ClCompile>
    <ClCompile Include="DisplayableObject.cpp">
      <Filter>Source Files\Galaxy</Filter>
    </ClCompile>
    <ClCompile Include="GameHelpers.cpp">
      <Filter>Source Files</Filter>
    </ClCompile>
  </ItemGroup>
  <ItemGroup>
    <ClInclude Include="AppManager.hpp">
      <Filter>Header Files</Filter>
    </ClInclude>
    <ClInclude Include="SimManager.hpp">
      <Filter>Header Files</Filter>
    </ClInclude>
    <ClInclude Include="Scene.hpp">
      <Filter>Header Files\Scenes</Filter>
    </ClInclude>
    <ClInclude Include="SceneTypes.h">
      <Filter>Header Files\Scenes</Filter>
    </ClInclude>
    <ClInclude Include="guicon.h">
      <Filter>Header Files\Utils</Filter>
    </ClInclude>
    <ClInclude Include="SFGManager.hpp">
      <Filter>Header Files</Filter>
    </ClInclude>
    <ClInclude Include="SceneManager.hpp">
      <Filter>Header Files</Filter>
    </ClInclude>
    <ClInclude Include="Planet.hpp">
      <Filter>Header Files\Galaxy</Filter>
    </ClInclude>
    <ClInclude Include="StarSystem.hpp">
      <Filter>Header Files\Galaxy</Filter>
    </ClInclude>
    <ClInclude Include="HabitableObject.hpp">
      <Filter>Header Files\Galaxy</Filter>
    </ClInclude>
    <ClInclude Include="OrionSpur.hpp">
      <Filter>Header Files\Galaxy</Filter>
    </ClInclude>
    <ClInclude Include="StellarGroup.hpp">
      <Filter>Header Files\Galaxy</Filter>
    </ClInclude>
    <ClInclude Include="Defines_Math.h">
      <Filter>Header Files\Defines</Filter>
    </ClInclude>
    <ClInclude Include="AsteroidBelt.hpp">
      <Filter>Header Files\Galaxy</Filter>
    </ClInclude>
    <ClInclude Include="GameManager.hpp">
      <Filter>Header Files</Filter>
    </ClInclude>
    <ClInclude Include="Scene_Game.hpp">
      <Filter>Header Files\Scenes</Filter>
    </ClInclude>
    <ClInclude Include="Scene_MainMenu.hpp">
      <Filter>Header Files\Scenes</Filter>
    </ClInclude>
    <ClInclude Include="DisplayableObject.hpp">
      <Filter>Header Files\Galaxy</Filter>
    </ClInclude>
    <ClInclude Include="GameHelpers.hpp">
      <Filter>Header Files</Filter>
    </ClInclude>
  </ItemGroup>
</Project>